# THIS IS AN AUTOGENERATED FILE. DO NOT EDIT THIS FILE DIRECTLY.
# yarn lockfile v1


"@pqina/pintura@8.x":
  version "8.60.11"
  resolved "https://registry.yarnpkg.com/@pqina/pintura/-/pintura-8.60.11.tgz#7e19091414b2beebda667434c8e299b03d31d016"
  integrity sha512-c8Lvexag6LYGCDLz5+UJX5NgPaMCFSTZgM3TcSpb8OEHkACxVa41cAdL9LwUv3hbimNYdwMxoP1a0stvO4hX4g==
